<Solution>
  <Folder Name="/src/">
    <File Path="src/ControleFinanceiro.Persistence/bin/Debug/net10.0/ControleFinanceiro.Model.dll" />
    <File Path="src/ControleFinanceiro.Persistence/bin/Debug/net10.0/ControleFinanceiro.Model.pdb" />
    <File Path="src/ControleFinanceiro.Persistence/bin/Debug/net10.0/ControleFinanceiro.Persistence.deps.json" />
    <File Path="src/ControleFinanceiro.Persistence/bin/Debug/net10.0/ControleFinanceiro.Persistence.dll" />
    <File Path="src/ControleFinanceiro.Persistence/bin/Debug/net10.0/ControleFinanceiro.Persistence.pdb" />
    <File Path="src/ControleFinanceiro.Persistence/ControleFinanceiro.Persistence.csproj" />
    <File Path="src/ControleFinanceiro.Persistence/obj/ControleFinanceiro.Persistence.csproj.nuget.dgspec.json" />
    <File Path="src/ControleFinanceiro.Persistence/obj/ControleFinanceiro.Persistence.csproj.nuget.g.props" />
    <File Path="src/ControleFinanceiro.Persistence/obj/ControleFinanceiro.Persistence.csproj.nuget.g.targets" />
    <File Path="src/ControleFinanceiro.Persistence/obj/Debug/net10.0/.NETCoreApp,Version=v10.0.AssemblyAttributes.cs" />
    <File Path="src/ControleFinanceiro.Persistence/obj/Debug/net10.0/Controle.7340FCB2.Up2Date" />
    <File Path="src/ControleFinanceiro.Persistence/obj/Debug/net10.0/ControleFinanceiro.Persistence.AssemblyInfo.cs" />
    <File Path="src/ControleFinanceiro.Persistence/obj/Debug/net10.0/ControleFinanceiro.Persistence.AssemblyInfoInputs.cache" />
    <File Path="src/ControleFinanceiro.Persistence/obj/Debug/net10.0/ControleFinanceiro.Persistence.assets.cache" />
    <File Path="src/ControleFinanceiro.Persistence/obj/Debug/net10.0/ControleFinanceiro.Persistence.csproj.AssemblyReference.cache" />
    <File Path="src/ControleFinanceiro.Persistence/obj/Debug/net10.0/ControleFinanceiro.Persistence.csproj.CoreCompileInputs.cache" />
    <File Path="src/ControleFinanceiro.Persistence/obj/Debug/net10.0/ControleFinanceiro.Persistence.csproj.FileListAbsolute.txt" />
    <File Path="src/ControleFinanceiro.Persistence/obj/Debug/net10.0/ControleFinanceiro.Persistence.dll" />
    <File Path="src/ControleFinanceiro.Persistence/obj/Debug/net10.0/ControleFinanceiro.Persistence.GeneratedMSBuildEditorConfig.editorconfig" />
    <File Path="src/ControleFinanceiro.Persistence/obj/Debug/net10.0/ControleFinanceiro.Persistence.GlobalUsings.g.cs" />
    <File Path="src/ControleFinanceiro.Persistence/obj/Debug/net10.0/ControleFinanceiro.Persistence.pdb" />
    <File Path="src/ControleFinanceiro.Persistence/obj/Debug/net10.0/ControleFinanceiro.Persistence.sourcelink.json" />
    <File Path="src/ControleFinanceiro.Persistence/obj/Debug/net10.0/ref/ControleFinanceiro.Persistence.dll" />
    <File Path="src/ControleFinanceiro.Persistence/obj/Debug/net10.0/refint/ControleFinanceiro.Persistence.dll" />
    <File Path="src/ControleFinanceiro.Persistence/obj/project.assets.json" />
    <File Path="src/ControleFinanceiro.Persistence/obj/project.nuget.cache" />
    <File Path="src/ControleFinanceiro.Persistence/obj/project.packagespec.json" />
    <File Path="src/ControleFinanceiro.Persistence/obj/rider.project.model.nuget.info" />
    <File Path="src/ControleFinanceiro.Persistence/obj/rider.project.restore.info" />
    <File Path="src/ControleFinanceiro.Persistence/RepositorioMemoria.cs" />
    <File Path="src/ControleFinanceiro.Persistence/TipoLancamentoFiltro.cs" />
    <File Path="src/ControleFinanceiro.Presentation.WinForms/bin/Debug/net10.0-windows/ControleFinanceiro.Model.dll" />
    <File Path="src/ControleFinanceiro.Presentation.WinForms/bin/Debug/net10.0-windows/ControleFinanceiro.Model.pdb" />
    <File Path="src/ControleFinanceiro.Presentation.WinForms/bin/Debug/net10.0-windows/ControleFinanceiro.Persistence.dll" />
    <File Path="src/ControleFinanceiro.Presentation.WinForms/bin/Debug/net10.0-windows/ControleFinanceiro.Persistence.pdb" />
    <File Path="src/ControleFinanceiro.Presentation.WinForms/bin/Debug/net10.0-windows/ControleFinanceiro.Presentation.WinForms.deps.json" />
    <File Path="src/ControleFinanceiro.Presentation.WinForms/bin/Debug/net10.0-windows/ControleFinanceiro.Presentation.WinForms.dll" />
    <File Path="src/ControleFinanceiro.Presentation.WinForms/bin/Debug/net10.0-windows/ControleFinanceiro.Presentation.WinForms.exe" />
    <File Path="src/ControleFinanceiro.Presentation.WinForms/bin/Debug/net10.0-windows/ControleFinanceiro.Presentation.WinForms.pdb" />
    <File Path="src/ControleFinanceiro.Presentation.WinForms/bin/Debug/net10.0-windows/ControleFinanceiro.Presentation.WinForms.runtimeconfig.json" />
    <File Path="src/ControleFinanceiro.Presentation.WinForms/ControleFinanceiro.Presentation.WinForms.csproj" />
    <File Path="src/ControleFinanceiro.Presentation.WinForms/ControleFinanceiro.Presentation.WinForms.csproj.user" />
    <File Path="src/ControleFinanceiro.Presentation.WinForms/FormPrincipal.cs" />
    <File Path="src/ControleFinanceiro.Presentation.WinForms/LancamentoGridItem.cs" />
    <File Path="src/ControleFinanceiro.Presentation.WinForms/obj/ControleFinanceiro.Presentation.WinForms.csproj.nuget.dgspec.json" />
    <File Path="src/ControleFinanceiro.Presentation.WinForms/obj/ControleFinanceiro.Presentation.WinForms.csproj.nuget.g.props" />
    <File Path="src/ControleFinanceiro.Presentation.WinForms/obj/ControleFinanceiro.Presentation.WinForms.csproj.nuget.g.targets" />
    <File Path="src/ControleFinanceiro.Presentation.WinForms/obj/Debug/net10.0-windows/.NETCoreApp,Version=v10.0.AssemblyAttributes.cs" />
    <File Path="src/ControleFinanceiro.Presentation.WinForms/obj/Debug/net10.0-windows/apphost.exe" />
    <File Path="src/ControleFinanceiro.Presentation.WinForms/obj/Debug/net10.0-windows/Controle.EE805C5D.Up2Date" />
    <File Path="src/ControleFinanceiro.Presentation.WinForms/obj/Debug/net10.0-windows/ControleFinanceiro.Presentation.WinForms.AssemblyInfo.cs" />
    <File Path="src/ControleFinanceiro.Presentation.WinForms/obj/Debug/net10.0-windows/ControleFinanceiro.Presentation.WinForms.AssemblyInfoInputs.cache" />
    <File Path="src/ControleFinanceiro.Presentation.WinForms/obj/Debug/net10.0-windows/ControleFinanceiro.Presentation.WinForms.assets.cache" />
    <File Path="src/ControleFinanceiro.Presentation.WinForms/obj/Debug/net10.0-windows/ControleFinanceiro.Presentation.WinForms.csproj.AssemblyReference.cache" />
    <File Path="src/ControleFinanceiro.Presentation.WinForms/obj/Debug/net10.0-windows/ControleFinanceiro.Presentation.WinForms.csproj.CoreCompileInputs.cache" />
    <File Path="src/ControleFinanceiro.Presentation.WinForms/obj/Debug/net10.0-windows/ControleFinanceiro.Presentation.WinForms.csproj.FileListAbsolute.txt" />
    <File Path="src/ControleFinanceiro.Presentation.WinForms/obj/Debug/net10.0-windows/ControleFinanceiro.Presentation.WinForms.dll" />
    <File Path="src/ControleFinanceiro.Presentation.WinForms/obj/Debug/net10.0-windows/ControleFinanceiro.Presentation.WinForms.GeneratedMSBuildEditorConfig.editorconfig" />
    <File Path="src/ControleFinanceiro.Presentation.WinForms/obj/Debug/net10.0-windows/ControleFinanceiro.Presentation.WinForms.genruntimeconfig.cache" />
    <File Path="src/ControleFinanceiro.Presentation.WinForms/obj/Debug/net10.0-windows/ControleFinanceiro.Presentation.WinForms.GlobalUsings.g.cs" />
    <File Path="src/ControleFinanceiro.Presentation.WinForms/obj/Debug/net10.0-windows/ControleFinanceiro.Presentation.WinForms.pdb" />
    <File Path="src/ControleFinanceiro.Presentation.WinForms/obj/Debug/net10.0-windows/ControleFinanceiro.Presentation.WinForms.sourcelink.json" />
    <File Path="src/ControleFinanceiro.Presentation.WinForms/obj/Debug/net10.0-windows/ref/ControleFinanceiro.Presentation.WinForms.dll" />
    <File Path="src/ControleFinanceiro.Presentation.WinForms/obj/Debug/net10.0-windows/refint/ControleFinanceiro.Presentation.WinForms.dll" />
    <File Path="src/ControleFinanceiro.Presentation.WinForms/obj/project.assets.json" />
    <File Path="src/ControleFinanceiro.Presentation.WinForms/obj/project.nuget.cache" />
    <File Path="src/ControleFinanceiro.Presentation.WinForms/obj/project.packagespec.json" />
    <File Path="src/ControleFinanceiro.Presentation.WinForms/obj/rider.project.model.nuget.info" />
    <File Path="src/ControleFinanceiro.Presentation.WinForms/obj/rider.project.restore.info" />
    <File Path="src/ControleFinanceiro.Presentation.WinForms/Program.cs" />
    <Project Path="src/ControleFinanceiro.Model/ControleFinanceiro.Model.csproj" />
  </Folder>
  <Folder Name="/tests/">
    <File Path="tests/ControleFinanceiro.Persistence.Tests/bin/Debug/net10.0/.msCoverageSourceRootsMapping_ControleFinanceiro.Persistence.Tests" />
    <File Path="tests/ControleFinanceiro.Persistence.Tests/bin/Debug/net10.0/ControleFinanceiro.Model.dll" />
    <File Path="tests/ControleFinanceiro.Persistence.Tests/bin/Debug/net10.0/ControleFinanceiro.Model.pdb" />
    <File Path="tests/ControleFinanceiro.Persistence.Tests/bin/Debug/net10.0/ControleFinanceiro.Persistence.dll" />
    <File Path="tests/ControleFinanceiro.Persistence.Tests/bin/Debug/net10.0/ControleFinanceiro.Persistence.pdb" />
    <File Path="tests/ControleFinanceiro.Persistence.Tests/bin/Debug/net10.0/ControleFinanceiro.Persistence.Tests.deps.json" />
    <File Path="tests/ControleFinanceiro.Persistence.Tests/bin/Debug/net10.0/ControleFinanceiro.Persistence.Tests.dll" />
    <File Path="tests/ControleFinanceiro.Persistence.Tests/bin/Debug/net10.0/ControleFinanceiro.Persistence.Tests.pdb" />
    <File Path="tests/ControleFinanceiro.Persistence.Tests/bin/Debug/net10.0/ControleFinanceiro.Persistence.Tests.runtimeconfig.json" />
    <File Path="tests/ControleFinanceiro.Persistence.Tests/bin/Debug/net10.0/CoverletSourceRootsMapping_ControleFinanceiro.Persistence.Tests" />
    <File Path="tests/ControleFinanceiro.Persistence.Tests/bin/Debug/net10.0/cs/Microsoft.TestPlatform.CommunicationUtilities.resources.dll" />
    <File Path="tests/ControleFinanceiro.Persistence.Tests/bin/Debug/net10.0/cs/Microsoft.TestPlatform.CoreUtilities.resources.dll" />
    <File Path="tests/ControleFinanceiro.Persistence.Tests/bin/Debug/net10.0/cs/Microsoft.TestPlatform.CrossPlatEngine.resources.dll" />
    <File Path="tests/ControleFinanceiro.Persistence.Tests/bin/Debug/net10.0/cs/Microsoft.VisualStudio.TestPlatform.Common.resources.dll" />
    <File Path="tests/ControleFinanceiro.Persistence.Tests/bin/Debug/net10.0/cs/Microsoft.VisualStudio.TestPlatform.ObjectModel.resources.dll" />
    <File Path="tests/ControleFinanceiro.Persistence.Tests/bin/Debug/net10.0/de/Microsoft.TestPlatform.CommunicationUtilities.resources.dll" />
    <File Path="tests/ControleFinanceiro.Persistence.Tests/bin/Debug/net10.0/de/Microsoft.TestPlatform.CoreUtilities.resources.dll" />
    <File Path="tests/ControleFinanceiro.Persistence.Tests/bin/Debug/net10.0/de/Microsoft.TestPlatform.CrossPlatEngine.resources.dll" />
    <File Path="tests/ControleFinanceiro.Persistence.Tests/bin/Debug/net10.0/de/Microsoft.VisualStudio.TestPlatform.Common.resources.dll" />
    <File Path="tests/ControleFinanceiro.Persistence.Tests/bin/Debug/net10.0/de/Microsoft.VisualStudio.TestPlatform.ObjectModel.resources.dll" />
    <File Path="tests/ControleFinanceiro.Persistence.Tests/bin/Debug/net10.0/es/Microsoft.TestPlatform.CommunicationUtilities.resources.dll" />
    <File Path="tests/ControleFinanceiro.Persistence.Tests/bin/Debug/net10.0/es/Microsoft.TestPlatform.CoreUtilities.resources.dll" />
    <File Path="tests/ControleFinanceiro.Persistence.Tests/bin/Debug/net10.0/es/Microsoft.TestPlatform.CrossPlatEngine.resources.dll" />
    <File Path="tests/ControleFinanceiro.Persistence.Tests/bin/Debug/net10.0/es/Microsoft.VisualStudio.TestPlatform.Common.resources.dll" />
    <File Path="tests/ControleFinanceiro.Persistence.Tests/bin/Debug/net10.0/es/Microsoft.VisualStudio.TestPlatform.ObjectModel.resources.dll" />
    <File Path="tests/ControleFinanceiro.Persistence.Tests/bin/Debug/net10.0/fr/Microsoft.TestPlatform.CommunicationUtilities.resources.dll" />
    <File Path="tests/ControleFinanceiro.Persistence.Tests/bin/Debug/net10.0/fr/Microsoft.TestPlatform.CoreUtilities.resources.dll" />
    <File Path="tests/ControleFinanceiro.Persistence.Tests/bin/Debug/net10.0/fr/Microsoft.TestPlatform.CrossPlatEngine.resources.dll" />
    <File Path="tests/ControleFinanceiro.Persistence.Tests/bin/Debug/net10.0/fr/Microsoft.VisualStudio.TestPlatform.Common.resources.dll" />
    <File Path="tests/ControleFinanceiro.Persistence.Tests/bin/Debug/net10.0/fr/Microsoft.VisualStudio.TestPlatform.ObjectModel.resources.dll" />
    <File Path="tests/ControleFinanceiro.Persistence.Tests/bin/Debug/net10.0/it/Microsoft.TestPlatform.CommunicationUtilities.resources.dll" />
    <File Path="tests/ControleFinanceiro.Persistence.Tests/bin/Debug/net10.0/it/Microsoft.TestPlatform.CoreUtilities.resources.dll" />
    <File Path="tests/ControleFinanceiro.Persistence.Tests/bin/Debug/net10.0/it/Microsoft.TestPlatform.CrossPlatEngine.resources.dll" />
    <File Path="tests/ControleFinanceiro.Persistence.Tests/bin/Debug/net10.0/it/Microsoft.VisualStudio.TestPlatform.Common.resources.dll" />
    <File Path="tests/ControleFinanceiro.Persistence.Tests/bin/Debug/net10.0/it/Microsoft.VisualStudio.TestPlatform.ObjectModel.resources.dll" />
    <File Path="tests/ControleFinanceiro.Persistence.Tests/bin/Debug/net10.0/ja/Microsoft.TestPlatform.CommunicationUtilities.resources.dll" />
    <File Path="tests/ControleFinanceiro.Persistence.Tests/bin/Debug/net10.0/ja/Microsoft.TestPlatform.CoreUtilities.resources.dll" />
    <File Path="tests/ControleFinanceiro.Persistence.Tests/bin/Debug/net10.0/ja/Microsoft.TestPlatform.CrossPlatEngine.resources.dll" />
    <File Path="tests/ControleFinanceiro.Persistence.Tests/bin/Debug/net10.0/ja/Microsoft.VisualStudio.TestPlatform.Common.resources.dll" />
    <File Path="tests/ControleFinanceiro.Persistence.Tests/bin/Debug/net10.0/ja/Microsoft.VisualStudio.TestPlatform.ObjectModel.resources.dll" />
    <File Path="tests/ControleFinanceiro.Persistence.Tests/bin/Debug/net10.0/ko/Microsoft.TestPlatform.CommunicationUtilities.resources.dll" />
    <File Path="tests/ControleFinanceiro.Persistence.Tests/bin/Debug/net10.0/ko/Microsoft.TestPlatform.CoreUtilities.resources.dll" />
    <File Path="tests/ControleFinanceiro.Persistence.Tests/bin/Debug/net10.0/ko/Microsoft.TestPlatform.CrossPlatEngine.resources.dll" />
    <File Path="tests/ControleFinanceiro.Persistence.Tests/bin/Debug/net10.0/ko/Microsoft.VisualStudio.TestPlatform.Common.resources.dll" />
    <File Path="tests/ControleFinanceiro.Persistence.Tests/bin/Debug/net10.0/ko/Microsoft.VisualStudio.TestPlatform.ObjectModel.resources.dll" />
    <File Path="tests/ControleFinanceiro.Persistence.Tests/bin/Debug/net10.0/Microsoft.TestPlatform.CommunicationUtilities.dll" />
    <File Path="tests/ControleFinanceiro.Persistence.Tests/bin/Debug/net10.0/Microsoft.TestPlatform.CoreUtilities.dll" />
    <File Path="tests/ControleFinanceiro.Persistence.Tests/bin/Debug/net10.0/Microsoft.TestPlatform.CrossPlatEngine.dll" />
    <File Path="tests/ControleFinanceiro.Persistence.Tests/bin/Debug/net10.0/Microsoft.TestPlatform.PlatformAbstractions.dll" />
    <File Path="tests/ControleFinanceiro.Persistence.Tests/bin/Debug/net10.0/Microsoft.TestPlatform.Utilities.dll" />
    <File Path="tests/ControleFinanceiro.Persistence.Tests/bin/Debug/net10.0/Microsoft.VisualStudio.CodeCoverage.Shim.dll" />
    <File Path="tests/ControleFinanceiro.Persistence.Tests/bin/Debug/net10.0/Microsoft.VisualStudio.TestPlatform.Common.dll" />
    <File Path="tests/ControleFinanceiro.Persistence.Tests/bin/Debug/net10.0/Microsoft.VisualStudio.TestPlatform.ObjectModel.dll" />
    <File Path="tests/ControleFinanceiro.Persistence.Tests/bin/Debug/net10.0/Newtonsoft.Json.dll" />
    <File Path="tests/ControleFinanceiro.Persistence.Tests/bin/Debug/net10.0/pl/Microsoft.TestPlatform.CommunicationUtilities.resources.dll" />
    <File Path="tests/ControleFinanceiro.Persistence.Tests/bin/Debug/net10.0/pl/Microsoft.TestPlatform.CoreUtilities.resources.dll" />
    <File Path="tests/ControleFinanceiro.Persistence.Tests/bin/Debug/net10.0/pl/Microsoft.TestPlatform.CrossPlatEngine.resources.dll" />
    <File Path="tests/ControleFinanceiro.Persistence.Tests/bin/Debug/net10.0/pl/Microsoft.VisualStudio.TestPlatform.Common.resources.dll" />
    <File Path="tests/ControleFinanceiro.Persistence.Tests/bin/Debug/net10.0/pl/Microsoft.VisualStudio.TestPlatform.ObjectModel.resources.dll" />
    <File Path="tests/ControleFinanceiro.Persistence.Tests/bin/Debug/net10.0/pt-BR/Microsoft.TestPlatform.CommunicationUtilities.resources.dll" />
    <File Path="tests/ControleFinanceiro.Persistence.Tests/bin/Debug/net10.0/pt-BR/Microsoft.TestPlatform.CoreUtilities.resources.dll" />
    <File Path="tests/ControleFinanceiro.Persistence.Tests/bin/Debug/net10.0/pt-BR/Microsoft.TestPlatform.CrossPlatEngine.resources.dll" />
    <File Path="tests/ControleFinanceiro.Persistence.Tests/bin/Debug/net10.0/pt-BR/Microsoft.VisualStudio.TestPlatform.Common.resources.dll" />
    <File Path="tests/ControleFinanceiro.Persistence.Tests/bin/Debug/net10.0/pt-BR/Microsoft.VisualStudio.TestPlatform.ObjectModel.resources.dll" />
    <File Path="tests/ControleFinanceiro.Persistence.Tests/bin/Debug/net10.0/ru/Microsoft.TestPlatform.CommunicationUtilities.resources.dll" />
    <File Path="tests/ControleFinanceiro.Persistence.Tests/bin/Debug/net10.0/ru/Microsoft.TestPlatform.CoreUtilities.resources.dll" />
    <File Path="tests/ControleFinanceiro.Persistence.Tests/bin/Debug/net10.0/ru/Microsoft.TestPlatform.CrossPlatEngine.resources.dll" />
    <File Path="tests/ControleFinanceiro.Persistence.Tests/bin/Debug/net10.0/ru/Microsoft.VisualStudio.TestPlatform.Common.resources.dll" />
    <File Path="tests/ControleFinanceiro.Persistence.Tests/bin/Debug/net10.0/ru/Microsoft.VisualStudio.TestPlatform.ObjectModel.resources.dll" />
    <File Path="tests/ControleFinanceiro.Persistence.Tests/bin/Debug/net10.0/testhost.dll" />
    <File Path="tests/ControleFinanceiro.Persistence.Tests/bin/Debug/net10.0/testhost.exe" />
    <File Path="tests/ControleFinanceiro.Persistence.Tests/bin/Debug/net10.0/tr/Microsoft.TestPlatform.CommunicationUtilities.resources.dll" />
    <File Path="tests/ControleFinanceiro.Persistence.Tests/bin/Debug/net10.0/tr/Microsoft.TestPlatform.CoreUtilities.resources.dll" />
    <File Path="tests/ControleFinanceiro.Persistence.Tests/bin/Debug/net10.0/tr/Microsoft.TestPlatform.CrossPlatEngine.resources.dll" />
    <File Path="tests/ControleFinanceiro.Persistence.Tests/bin/Debug/net10.0/tr/Microsoft.VisualStudio.TestPlatform.Common.resources.dll" />
    <File Path="tests/ControleFinanceiro.Persistence.Tests/bin/Debug/net10.0/tr/Microsoft.VisualStudio.TestPlatform.ObjectModel.resources.dll" />
    <File Path="tests/ControleFinanceiro.Persistence.Tests/bin/Debug/net10.0/xunit.abstractions.dll" />
    <File Path="tests/ControleFinanceiro.Persistence.Tests/bin/Debug/net10.0/xunit.assert.dll" />
    <File Path="tests/ControleFinanceiro.Persistence.Tests/bin/Debug/net10.0/xunit.core.dll" />
    <File Path="tests/ControleFinanceiro.Persistence.Tests/bin/Debug/net10.0/xunit.execution.dotnet.dll" />
    <File Path="tests/ControleFinanceiro.Persistence.Tests/bin/Debug/net10.0/xunit.runner.visualstudio.testadapter.dll" />
    <File Path="tests/ControleFinanceiro.Persistence.Tests/bin/Debug/net10.0/zh-Hans/Microsoft.TestPlatform.CommunicationUtilities.resources.dll" />
    <File Path="tests/ControleFinanceiro.Persistence.Tests/bin/Debug/net10.0/zh-Hans/Microsoft.TestPlatform.CoreUtilities.resources.dll" />
    <File Path="tests/ControleFinanceiro.Persistence.Tests/bin/Debug/net10.0/zh-Hans/Microsoft.TestPlatform.CrossPlatEngine.resources.dll" />
    <File Path="tests/ControleFinanceiro.Persistence.Tests/bin/Debug/net10.0/zh-Hans/Microsoft.VisualStudio.TestPlatform.Common.resources.dll" />
    <File Path="tests/ControleFinanceiro.Persistence.Tests/bin/Debug/net10.0/zh-Hans/Microsoft.VisualStudio.TestPlatform.ObjectModel.resources.dll" />
    <File Path="tests/ControleFinanceiro.Persistence.Tests/bin/Debug/net10.0/zh-Hant/Microsoft.TestPlatform.CommunicationUtilities.resources.dll" />
    <File Path="tests/ControleFinanceiro.Persistence.Tests/bin/Debug/net10.0/zh-Hant/Microsoft.TestPlatform.CoreUtilities.resources.dll" />
    <File Path="tests/ControleFinanceiro.Persistence.Tests/bin/Debug/net10.0/zh-Hant/Microsoft.TestPlatform.CrossPlatEngine.resources.dll" />
    <File Path="tests/ControleFinanceiro.Persistence.Tests/bin/Debug/net10.0/zh-Hant/Microsoft.VisualStudio.TestPlatform.Common.resources.dll" />
    <File Path="tests/ControleFinanceiro.Persistence.Tests/bin/Debug/net10.0/zh-Hant/Microsoft.VisualStudio.TestPlatform.ObjectModel.resources.dll" />
    <File Path="tests/ControleFinanceiro.Persistence.Tests/ControleFinanceiro.Persistence.Tests.csproj" />
    <File Path="tests/ControleFinanceiro.Persistence.Tests/obj/ControleFinanceiro.Persistence.Tests.csproj.nuget.dgspec.json" />
    <File Path="tests/ControleFinanceiro.Persistence.Tests/obj/ControleFinanceiro.Persistence.Tests.csproj.nuget.g.props" />
    <File Path="tests/ControleFinanceiro.Persistence.Tests/obj/ControleFinanceiro.Persistence.Tests.csproj.nuget.g.targets" />
    <File Path="tests/ControleFinanceiro.Persistence.Tests/obj/Debug/net10.0/.NETCoreApp,Version=v10.0.AssemblyAttributes.cs" />
    <File Path="tests/ControleFinanceiro.Persistence.Tests/obj/Debug/net10.0/Controle.F8B8EA39.Up2Date" />
    <File Path="tests/ControleFinanceiro.Persistence.Tests/obj/Debug/net10.0/ControleFinanceiro.Persistence.Tests.AssemblyInfo.cs" />
    <File Path="tests/ControleFinanceiro.Persistence.Tests/obj/Debug/net10.0/ControleFinanceiro.Persistence.Tests.AssemblyInfoInputs.cache" />
    <File Path="tests/ControleFinanceiro.Persistence.Tests/obj/Debug/net10.0/ControleFinanceiro.Persistence.Tests.assets.cache" />
    <File Path="tests/ControleFinanceiro.Persistence.Tests/obj/Debug/net10.0/ControleFinanceiro.Persistence.Tests.csproj.AssemblyReference.cache" />
    <File Path="tests/ControleFinanceiro.Persistence.Tests/obj/Debug/net10.0/ControleFinanceiro.Persistence.Tests.csproj.CoreCompileInputs.cache" />
    <File Path="tests/ControleFinanceiro.Persistence.Tests/obj/Debug/net10.0/ControleFinanceiro.Persistence.Tests.csproj.FileListAbsolute.txt" />
    <File Path="tests/ControleFinanceiro.Persistence.Tests/obj/Debug/net10.0/ControleFinanceiro.Persistence.Tests.dll" />
    <File Path="tests/ControleFinanceiro.Persistence.Tests/obj/Debug/net10.0/ControleFinanceiro.Persistence.Tests.GeneratedMSBuildEditorConfig.editorconfig" />
    <File Path="tests/ControleFinanceiro.Persistence.Tests/obj/Debug/net10.0/ControleFinanceiro.Persistence.Tests.genruntimeconfig.cache" />
    <File Path="tests/ControleFinanceiro.Persistence.Tests/obj/Debug/net10.0/ControleFinanceiro.Persistence.Tests.GlobalUsings.g.cs" />
    <File Path="tests/ControleFinanceiro.Persistence.Tests/obj/Debug/net10.0/ControleFinanceiro.Persistence.Tests.pdb" />
    <File Path="tests/ControleFinanceiro.Persistence.Tests/obj/Debug/net10.0/ControleFinanceiro.Persistence.Tests.sourcelink.json" />
    <File Path="tests/ControleFinanceiro.Persistence.Tests/obj/Debug/net10.0/ref/ControleFinanceiro.Persistence.Tests.dll" />
    <File Path="tests/ControleFinanceiro.Persistence.Tests/obj/Debug/net10.0/refint/ControleFinanceiro.Persistence.Tests.dll" />
    <File Path="tests/ControleFinanceiro.Persistence.Tests/obj/project.assets.json" />
    <File Path="tests/ControleFinanceiro.Persistence.Tests/obj/project.nuget.cache" />
    <File Path="tests/ControleFinanceiro.Persistence.Tests/obj/project.packagespec.json" />
    <File Path="tests/ControleFinanceiro.Persistence.Tests/obj/rider.project.model.nuget.info" />
    <File Path="tests/ControleFinanceiro.Persistence.Tests/obj/rider.project.restore.info" />
    <File Path="tests/ControleFinanceiro.Persistence.Tests/RepositorioMemoriaTests.cs" />
    <Project Path="tests/ControleFinanceiro.Model.Tests/ControleFinanceiro.Model.Tests.csproj" />
  </Folder>
</Solution>
